PODS:
  - CocoaAsyncSocket (7.6.5)
  - CocoaLumberjack (3.7.2):
    - CocoaLumberjack/Core (= 3.7.2)
  - CocoaLumberjack/Core (3.7.2)
  - GCDWebServer (3.5.4):
    - GCDWebServer/Core (= 3.5.4)
  - GCDWebServer/Core (3.5.4)
  - PINCache (2.3)
  - SocketRocket (0.5.1)
  - WebRTCDatachannel (0.2.0)

DEPENDENCIES:
  - CocoaAsyncSocket (~> 7.6)
  - CocoaLumberjack (~> 3.5)
  - GCDWebServer (~> 3.5)
  - PINCache (~> 2.3)
  - SocketRocket (~> 0.5)
  - WebRTCDatachannel (~> 0.1)

SPEC REPOS:
  trunk:
    - CocoaAsyncSocket
    - CocoaLumberjack
    - GCDWebServer
    - PINCache
    - SocketRocket
    - WebRTCDatachannel

SPEC CHECKSUMS:
  CocoaAsyncSocket: 065fd1e645c7abab64f7a6a2007a48038fdc6a99
  CocoaLumberjack: b7e05132ff94f6ae4dfa9d5bce9141893a21d9da
  GCDWebServer: 2c156a56c8226e2d5c0c3f208a3621ccffbe3ce4
  PINCache: ce36ed282031b92fc7733ffe831f474ff80fddc2
  SocketRocket: d57c7159b83c3c6655745cd15302aa24b6bae531
  WebRTCDatachannel: ab69385b831e5ed691a28f31e1b6fe9efbd39181

PODFILE CHECKSUM: 4d3dd6af8498d5cc41b92d6bf73ab5c099e3e7dc

COCOAPODS: 1.10.1
